{
  "version": "3",
  "redirects": {
    "https://deno.land/x/irc/mod.ts": "https://deno.land/x/irc@v0.15.0/mod.ts"
  },
  "remote": {
    "https://deno.land/std@0.203.0/assert/_constants.ts": "8a9da298c26750b28b326b297316cdde860bc237533b07e1337c021379e6b2a9",
    "https://deno.land/std@0.203.0/assert/_diff.ts": "1a3c044aedf77647d6cac86b798c6417603361b66b54c53331b312caeb447aea",
    "https://deno.land/std@0.203.0/assert/_format.ts": "a69126e8a469009adf4cf2a50af889aca364c349797e63174884a52ff75cf4c7",
    "https://deno.land/std@0.203.0/assert/assert_array_includes.ts": "6856d7f2c3544bc6e62fb4646dfefa3d1df5ff14744d1bca19f0cbaf3b0d66c9",
    "https://deno.land/std@0.203.0/assert/assert_equals.ts": "d8ec8a22447fbaf2fc9d7c3ed2e66790fdb74beae3e482855d75782218d68227",
    "https://deno.land/std@0.203.0/assert/assert_exists.ts": "407cb6b9fb23a835cd8d5ad804e2e2edbbbf3870e322d53f79e1c7a512e2efd7",
    "https://deno.land/std@0.203.0/assert/assert_is_error.ts": "c21113094a51a296ffaf036767d616a78a2ae5f9f7bbd464cd0197476498b94b",
    "https://deno.land/std@0.203.0/assert/assert_match.ts": "c4083f80600bc190309903c95e397a7c9257ff8b5ae5c7ef91e834704e672e9b",
    "https://deno.land/std@0.203.0/assert/assert_rejects.ts": "45c59724de2701e3b1f67c391d6c71c392363635aad3f68a1b3408f9efca0057",
    "https://deno.land/std@0.203.0/assert/assert_throws.ts": "63784e951475cb7bdfd59878cd25a0931e18f6dc32a6077c454b2cd94f4f4bcd",
    "https://deno.land/std@0.203.0/assert/assertion_error.ts": "4d0bde9b374dfbcbe8ac23f54f567b77024fb67dbb1906a852d67fe050d42f56",
    "https://deno.land/std@0.203.0/assert/equal.ts": "9f1a46d5993966d2596c44e5858eec821859b45f783a5ee2f7a695dfc12d8ece",
    "https://deno.land/std@0.203.0/fmt/colors.ts": "c51c4642678eb690dcf5ffee5918b675bf01a33fba82acf303701ae1a4f8c8d9",
    "https://deno.land/x/irc@v0.15.0/client.ts": "9e8d9b3eab0d70a76b789cc20c64599333d0e62faefaf95788dc65ffd4cab51c",
    "https://deno.land/x/irc@v0.15.0/core/client.ts": "73d8fb45fe701a411f1330a5d88296672d8b7d221f88b2a0e266b90fd39e4ef3",
    "https://deno.land/x/irc@v0.15.0/core/errors.ts": "2b0f717d38988c220ba161a6ddada6d4c1df8617e26822de4bff23e36b84e1b0",
    "https://deno.land/x/irc@v0.15.0/core/events.ts": "4c5648aa8b73290d56d8f9560d2361aa001dc08755001f10f29000fe0ecaeca0",
    "https://deno.land/x/irc@v0.15.0/core/hooks.ts": "9a7df4d7fea8009635b738482130e16be81534621a2b2723d193d8e29f5ce4a7",
    "https://deno.land/x/irc@v0.15.0/core/parsers.ts": "811a30bb9d831f88449d9853e2eecc712b0a202d0998315e9abab78e78cd4f27",
    "https://deno.land/x/irc@v0.15.0/core/plugins.ts": "7d663f8c5a8c8e490f44ca86db1026ff5d65ea0ed7ff66a2b2be5ca3c88248b7",
    "https://deno.land/x/irc@v0.15.0/core/protocol.ts": "ed94d6a0fb5143476c83ad329b20673fa98017448547a120deaf09df528b04fb",
    "https://deno.land/x/irc@v0.15.0/deps.ts": "b5b89e90ab9e092da7dc49e83cd05f3b5aa38c61827c55a0ab2338492a3e7ae9",
    "https://deno.land/x/irc@v0.15.0/mod.ts": "9e73ac8a668f2888b484c8f4b638bcf8089af26946ca9f84a1a0563048365d45",
    "https://deno.land/x/irc@v0.15.0/plugins/action.ts": "a048c1a37b80191d2487260eff2e8d3b37d1625fb02bad66429c244e00f66a2f",
    "https://deno.land/x/irc@v0.15.0/plugins/antiflood.ts": "f99f91c1d1cb23308d1a8aef54de89bbdda7c15b7e76c6a4cf309372b99f6726",
    "https://deno.land/x/irc@v0.15.0/plugins/away.ts": "4a3bf4e5a2b8bcf0e9847f58e825c4d2f3c71cd3ae160f36479ef78dd7c9ef71",
    "https://deno.land/x/irc@v0.15.0/plugins/cap.ts": "11f079ee341826a79575b543cc92f2b4c0ccf503d77fa8b9ee9d2de3b6a4a9fd",
    "https://deno.land/x/irc@v0.15.0/plugins/chanmodes.ts": "234b529cd88fe06a515083aabb60e9b896268d3c4ea866444214ca372307b5ed",
    "https://deno.land/x/irc@v0.15.0/plugins/chantypes.ts": "e242935a6e868cca59f458cba91831f4213c47f769d4e966c51ff0fd3f477276",
    "https://deno.land/x/irc@v0.15.0/plugins/clientinfo.ts": "2d14979350727a5fa2536a82f1992642593ab226060242772e6adf5ea86839e7",
    "https://deno.land/x/irc@v0.15.0/plugins/ctcp.ts": "3abb3005bc26f7bd080a20f1731fdac0fb703cfc045ad291d07081799750854b",
    "https://deno.land/x/irc@v0.15.0/plugins/error_reply.ts": "45e15bf46e727f4c5083aa86ea7c176c1a216f3706777ea026dd5711bbf7b0f1",
    "https://deno.land/x/irc@v0.15.0/plugins/invalid_names.ts": "1b79e36959c69c215575ca2d5a44749105c8a55979a3d6946ae0dc671257ece8",
    "https://deno.land/x/irc@v0.15.0/plugins/invite.ts": "6a49992fdebde399d9e28350649dd39f6988a303b779eaf704c5408ef7bafe38",
    "https://deno.land/x/irc@v0.15.0/plugins/isupport.ts": "25ec536628299b1993526ce9b21e1b4fb5e235dbb67218da477c5d70c08ed9ef",
    "https://deno.land/x/irc@v0.15.0/plugins/join.ts": "e2fdcbf95d5a6282d108edadebe9a0099d942e4184fc359f00916acb2553390f",
    "https://deno.land/x/irc@v0.15.0/plugins/join_on_invite.ts": "feed0b22d223cd4e3fd7017cb0a19bae32a147114f2442d100bc016add15a16a",
    "https://deno.land/x/irc@v0.15.0/plugins/join_on_register.ts": "5aa1e156b91d6b421ff6b794917336f89cc9639f3cd5cdbd7f635d0bcbf814f7",
    "https://deno.land/x/irc@v0.15.0/plugins/kick.ts": "b45676dca51ff5a726ed4991b324dba40fb84009e125f2aa2e303165121d68e8",
    "https://deno.land/x/irc@v0.15.0/plugins/kill.ts": "c26e01403048411bd8e8295acaef0e9a2d15f6d855691f30457472793dea3b3e",
    "https://deno.land/x/irc@v0.15.0/plugins/list.ts": "e310b5228589336d39d74ac439cd82e0687c78aabec17da7b53ed87e688012e1",
    "https://deno.land/x/irc@v0.15.0/plugins/mode.ts": "180966ddc752dc84a8a8ba05fff327260a92534e0f77b118fe07858913592807",
    "https://deno.land/x/irc@v0.15.0/plugins/mode_aliases.ts": "8df395e0737b1d64294a7ebef0781a04a84a446e776a13d828e280e0195929ba",
    "https://deno.land/x/irc@v0.15.0/plugins/motd.ts": "646a17c75f83950507c65f78f21c58cca537547293b0b3742062e28f9c59a96e",
    "https://deno.land/x/irc@v0.15.0/plugins/myinfo.ts": "18e802202ef4b0feefa9aa672b96c18b97e270a30e86bf668463b16a46444d38",
    "https://deno.land/x/irc@v0.15.0/plugins/names.ts": "6f7afdb6402eac8a2b4b96ef0604206d446897ebe5553fe3f994d5565caa0342",
    "https://deno.land/x/irc@v0.15.0/plugins/nick.ts": "ffad907cb962848abf344ae4a443c745e6ad19a4ee651beb9403fb9f5facd3e1",
    "https://deno.land/x/irc@v0.15.0/plugins/nicklist.ts": "8b9c89c34d6f6210c5bc173df6250985f096fee9cc5d2aba56741c94ef439836",
    "https://deno.land/x/irc@v0.15.0/plugins/notice.ts": "713499fbdaaacf69cf42cda41395e4b628b8da10f7a99fc3a666f54ee572269d",
    "https://deno.land/x/irc@v0.15.0/plugins/oper.ts": "85d9eaa3ce4ec65019cc09316acef8ddc0c71161edea8a81ba91203cac39c5e1",
    "https://deno.land/x/irc@v0.15.0/plugins/oper_on_register.ts": "f358885744171fd0385448e4600bfe0b32259fcda2bddb1d94ceb7a091fdf583",
    "https://deno.land/x/irc@v0.15.0/plugins/part.ts": "e56093a3f7fa51d6cdc1eb81a8c52a20ccc2ad18117f5c1005b0cbae07b07ce4",
    "https://deno.land/x/irc@v0.15.0/plugins/ping.ts": "31bc824bd36dfff6878b990e2d766344972aa656b4b62d39daf6dc883506f995",
    "https://deno.land/x/irc@v0.15.0/plugins/ping_timeout.ts": "751fcf7f5676a501d67f955553f4f5f72179d5dff0d6b596601862378ec46344",
    "https://deno.land/x/irc@v0.15.0/plugins/privmsg.ts": "e9747384fdebbf20a5518d446e5818ff22812e72bfce731cbd50dcb5badc8c1b",
    "https://deno.land/x/irc@v0.15.0/plugins/quit.ts": "6eef0340f3d979b972de05093d1869c9fad514f8cffadf31da7f0a395f462753",
    "https://deno.land/x/irc@v0.15.0/plugins/reconnect.ts": "a208a6de2e6937ae7905874bac9768a64e7806de8b312edd55efd7691687cff1",
    "https://deno.land/x/irc@v0.15.0/plugins/register.ts": "d2f43b3b5100e03ac2bf531bdad20926095ef4e7b346a79bf58ab2987fa10157",
    "https://deno.land/x/irc@v0.15.0/plugins/registration.ts": "5ffb5b34fdac7c9a11bdaae1406ec41314e6f9e4907c51d469815f64312da7a2",
    "https://deno.land/x/irc@v0.15.0/plugins/throw_on_error.ts": "c1f75bceb3830e26989929388b8534339d53bf48a08d5dc72c3ea7263ef73d3e",
    "https://deno.land/x/irc@v0.15.0/plugins/time.ts": "8e5ecb397690e3b9a7664c946564342e6bd4b912dfc642866879debedf889e38",
    "https://deno.land/x/irc@v0.15.0/plugins/topic.ts": "3def78d9b58de9cec06fa6664892e7384d2d8b0abdb42d0a503ff0332b2ad15f",
    "https://deno.land/x/irc@v0.15.0/plugins/usermodes.ts": "3fce4f8cb53973a52f0e159fbbcc3b98b8ca65dafaf21502d26e3c10f339f0b1",
    "https://deno.land/x/irc@v0.15.0/plugins/verbose.ts": "df7a968ee63f24c64eb8897ebe4f4c28deafdbcbd5f4cf675d9850c255324acc",
    "https://deno.land/x/irc@v0.15.0/plugins/version.ts": "8e45a095a551a635e0ea0e4d610a2b4215b0b0f6e632c25d467ac5581f2b24cf",
    "https://deno.land/x/irc@v0.15.0/plugins/whois.ts": "b40847d8e0facde949648506b5e747279e81d53187eedbdf6d60a28fe57c4c64",
    "https://deno.land/x/queue@1.2.0/mod.ts": "4afd59716986fcc96214885fbece458d5e2226addfd56dd6acde1a4101589e5c"
  }
}
